// !$*UTF8*$!
{
	archiveVersion = 1;
	classes = {
	};
	objectVersion = 46;
	objects = {

/* Begin PBXBuildFile section */
		4734EF471D10F2360000EF12 /* main.m in Sources */ = {isa = PBXBuildFile; fileRef = 4734EF461D10F2360000EF12 /* main.m */; };
		4734EF4A1D10F2360000EF12 /* AppDelegate.m in Sources */ = {isa = PBXBuildFile; fileRef = 4734EF491D10F2360000EF12 /* AppDelegate.m */; };
		4734EF4D1D10F2360000EF12 /* ViewController.m in Sources */ = {isa = PBXBuildFile; fileRef = 4734EF4C1D10F2360000EF12 /* ViewController.m */; };
		4734EF501D10F2360000EF12 /* Main.storyboard in Resources */ = {isa = PBXBuildFile; fileRef = 4734EF4E1D10F2360000EF12 /* Main.storyboard */; };
		4734EF521D10F2360000EF12 /* Assets.xcassets in Resources */ = {isa = PBXBuildFile; fileRef = 4734EF511D10F2360000EF12 /* Assets.xcassets */; };
		4734EF551D10F2360000EF12 /* LaunchScreen.storyboard in Resources */ = {isa = PBXBuildFile; fileRef = 4734EF531D10F2360000EF12 /* LaunchScreen.storyboard */; };
		4734EF601D10F2360000EF12 /* DrawViewDemoTests.m in Sources */ = {isa = PBXBuildFile; fileRef = 4734EF5F1D10F2360000EF12 /* DrawViewDemoTests.m */; };
		4734EF6B1D10F2360000EF12 /* DrawViewDemoUITests.m in Sources */ = {isa = PBXBuildFile; fileRef = 4734EF6A1D10F2360000EF12 /* DrawViewDemoUITests.m */; };
		4734EF7A1D10F24E0000EF12 /* LSGiftDisplayBlurView.mm in Sources */ = {isa = PBXBuildFile; fileRef = 4734EF791D10F24E0000EF12 /* LSGiftDisplayBlurView.mm */; };
		4734EF951D11218C0000EF12 /* MASCompositeConstraint.m in Sources */ = {isa = PBXBuildFile; fileRef = 4734EF7D1D11218C0000EF12 /* MASCompositeConstraint.m */; };
		4734EF961D11218C0000EF12 /* MASConstraint.m in Sources */ = {isa = PBXBuildFile; fileRef = 4734EF801D11218C0000EF12 /* MASConstraint.m */; };
		4734EF971D11218C0000EF12 /* MASConstraintMaker.m in Sources */ = {isa = PBXBuildFile; fileRef = 4734EF821D11218C0000EF12 /* MASConstraintMaker.m */; };
		4734EF981D11218C0000EF12 /* MASLayoutConstraint.m in Sources */ = {isa = PBXBuildFile; fileRef = 4734EF841D11218C0000EF12 /* MASLayoutConstraint.m */; };
		4734EF991D11218C0000EF12 /* MASViewAttribute.m in Sources */ = {isa = PBXBuildFile; fileRef = 4734EF881D11218C0000EF12 /* MASViewAttribute.m */; };
		4734EF9A1D11218C0000EF12 /* MASViewConstraint.m in Sources */ = {isa = PBXBuildFile; fileRef = 4734EF8A1D11218C0000EF12 /* MASViewConstraint.m */; };
		4734EF9B1D11218C0000EF12 /* NSArray+MASAdditions.m in Sources */ = {isa = PBXBuildFile; fileRef = 4734EF8C1D11218C0000EF12 /* NSArray+MASAdditions.m */; };
		4734EF9C1D11218C0000EF12 /* NSLayoutConstraint+MASDebugAdditions.m in Sources */ = {isa = PBXBuildFile; fileRef = 4734EF8F1D11218C0000EF12 /* NSLayoutConstraint+MASDebugAdditions.m */; };
		4734EF9D1D11218C0000EF12 /* View+MASAdditions.m in Sources */ = {isa = PBXBuildFile; fileRef = 4734EF911D11218C0000EF12 /* View+MASAdditions.m */; };
		4734EF9E1D11218C0000EF12 /* ViewController+MASAdditions.m in Sources */ = {isa = PBXBuildFile; fileRef = 4734EF941D11218C0000EF12 /* ViewController+MASAdditions.m */; };
/* End PBXBuildFile section */

/* Begin PBXContainerItemProxy section */
		4734EF5C1D10F2360000EF12 /* PBXContainerItemProxy */ = {
			isa = PBXContainerItemProxy;
			containerPortal = 4734EF3A1D10F2350000EF12 /* Project object */;
			proxyType = 1;
			remoteGlobalIDString = 4734EF411D10F2360000EF12;
			remoteInfo = DrawViewDemo;
		};
		4734EF671D10F2360000EF12 /* PBXContainerItemProxy */ = {
			isa = PBXContainerItemProxy;
			containerPortal = 4734EF3A1D10F2350000EF12 /* Project object */;
			proxyType = 1;
			remoteGlobalIDString = 4734EF411D10F2360000EF12;
			remoteInfo = DrawViewDemo;
		};
/* End PBXContainerItemProxy section */

/* Begin PBXFileReference section */
		4734EF421D10F2360000EF12 /* DrawViewDemo.app */ = {isa = PBXFileReference; explicitFileType = wrapper.application; includeInIndex = 0; path = DrawViewDemo.app; sourceTree = BUILT_PRODUCTS_DIR; };
		4734EF461D10F2360000EF12 /* main.m */ = {isa = PBXFileReference; lastKnownFileType = sourcecode.c.objc; path = main.m; sourceTree = "<group>"; };
		4734EF481D10F2360000EF12 /* AppDelegate.h */ = {isa = PBXFileReference; lastKnownFileType = sourcecode.c.h; path = AppDelegate.h; sourceTree = "<group>"; };
		4734EF491D10F2360000EF12 /* AppDelegate.m */ = {isa = PBXFileReference; lastKnownFileType = sourcecode.c.objc; path = AppDelegate.m; sourceTree = "<group>"; };
		4734EF4B1D10F2360000EF12 /* ViewController.h */ = {isa = PBXFileReference; lastKnownFileType = sourcecode.c.h; path = ViewController.h; sourceTree = "<group>"; };
		4734EF4C1D10F2360000EF12 /* ViewController.m */ = {isa = PBXFileReference; lastKnownFileType = sourcecode.c.objc; path = ViewController.m; sourceTree = "<group>"; };
		4734EF4F1D10F2360000EF12 /* Base */ = {isa = PBXFileReference; lastKnownFileType = file.storyboard; name = Base; path = Base.lproj/Main.storyboard; sourceTree = "<group>"; };
		4734EF511D10F2360000EF12 /* Assets.xcassets */ = {isa = PBXFileReference; lastKnownFileType = folder.assetcatalog; path = Assets.xcassets; sourceTree = "<group>"; };
		4734EF541D10F2360000EF12 /* Base */ = {isa = PBXFileReference; lastKnownFileType = file.storyboard; name = Base; path = Base.lproj/LaunchScreen.storyboard; sourceTree = "<group>"; };
		4734EF561D10F2360000EF12 /* Info.plist */ = {isa = PBXFileReference; lastKnownFileType = text.plist.xml; path = Info.plist; sourceTree = "<group>"; };
		4734EF5B1D10F2360000EF12 /* DrawViewDemoTests.xctest */ = {isa = PBXFileReference; explicitFileType = wrapper.cfbundle; includeInIndex = 0; path = DrawViewDemoTests.xctest; sourceTree = BUILT_PRODUCTS_DIR; };
		4734EF5F1D10F2360000EF12 /* DrawViewDemoTests.m */ = {isa = PBXFileReference; lastKnownFileType = sourcecode.c.objc; path = DrawViewDemoTests.m; sourceTree = "<group>"; };
		4734EF611D10F2360000EF12 /* Info.plist */ = {isa = PBXFileReference; lastKnownFileType = text.plist.xml; path = Info.plist; sourceTree = "<group>"; };
		4734EF661D10F2360000EF12 /* DrawViewDemoUITests.xctest */ = {isa = PBXFileReference; explicitFileType = wrapper.cfbundle; includeInIndex = 0; path = DrawViewDemoUITests.xctest; sourceTree = BUILT_PRODUCTS_DIR; };
		4734EF6A1D10F2360000EF12 /* DrawViewDemoUITests.m */ = {isa = PBXFileReference; lastKnownFileType = sourcecode.c.objc; path = DrawViewDemoUITests.m; sourceTree = "<group>"; };
		4734EF6C1D10F2360000EF12 /* Info.plist */ = {isa = PBXFileReference; lastKnownFileType = text.plist.xml; path = Info.plist; sourceTree = "<group>"; };
		4734EF781D10F24E0000EF12 /* LSGiftDisplayBlurView.h */ = {isa = PBXFileReference; fileEncoding = 4; lastKnownFileType = sourcecode.c.h; path = LSGiftDisplayBlurView.h; sourceTree = "<group>"; };
		4734EF791D10F24E0000EF12 /* LSGiftDisplayBlurView.mm */ = {isa = PBXFileReference; fileEncoding = 4; lastKnownFileType = sourcecode.cpp.objcpp; path = LSGiftDisplayBlurView.mm; sourceTree = "<group>"; };
		4734EF7C1D11218C0000EF12 /* MASCompositeConstraint.h */ = {isa = PBXFileReference; fileEncoding = 4; lastKnownFileType = sourcecode.c.h; path = MASCompositeConstraint.h; sourceTree = "<group>"; };
		4734EF7D1D11218C0000EF12 /* MASCompositeConstraint.m */ = {isa = PBXFileReference; fileEncoding = 4; lastKnownFileType = sourcecode.c.objc; path = MASCompositeConstraint.m; sourceTree = "<group>"; };
		4734EF7E1D11218C0000EF12 /* MASConstraint+Private.h */ = {isa = PBXFileReference; fileEncoding = 4; lastKnownFileType = sourcecode.c.h; path = "MASConstraint+Private.h"; sourceTree = "<group>"; };
		4734EF7F1D11218C0000EF12 /* MASConstraint.h */ = {isa = PBXFileReference; fileEncoding = 4; lastKnownFileType = sourcecode.c.h; path = MASConstraint.h; sourceTree = "<group>"; };
		4734EF801D11218C0000EF12 /* MASConstraint.m */ = {isa = PBXFileReference; fileEncoding = 4; lastKnownFileType = sourcecode.c.objc; path = MASConstraint.m; sourceTree = "<group>"; };
		4734EF811D11218C0000EF12 /* MASConstraintMaker.h */ = {isa = PBXFileReference; fileEncoding = 4; lastKnownFileType = sourcecode.c.h; path = MASConstraintMaker.h; sourceTree = "<group>"; };
		4734EF821D11218C0000EF12 /* MASConstraintMaker.m */ = {isa = PBXFileReference; fileEncoding = 4; lastKnownFileType = sourcecode.c.objc; path = MASConstraintMaker.m; sourceTree = "<group>"; };
		4734EF831D11218C0000EF12 /* MASLayoutConstraint.h */ = {isa = PBXFileReference; fileEncoding = 4; lastKnownFileType = sourcecode.c.h; path = MASLayoutConstraint.h; sourceTree = "<group>"; };
		4734EF841D11218C0000EF12 /* MASLayoutConstraint.m */ = {isa = PBXFileReference; fileEncoding = 4; lastKnownFileType = sourcecode.c.objc; path = MASLayoutConstraint.m; sourceTree = "<group>"; };
		4734EF851D11218C0000EF12 /* Masonry.h */ = {isa = PBXFileReference; fileEncoding = 4; lastKnownFileType = sourcecode.c.h; path = Masonry.h; sourceTree = "<group>"; };
		4734EF861D11218C0000EF12 /* MASUtilities.h */ = {isa = PBXFileReference; fileEncoding = 4; lastKnownFileType = sourcecode.c.h; path = MASUtilities.h; sourceTree = "<group>"; };
		4734EF871D11218C0000EF12 /* MASViewAttribute.h */ = {isa = PBXFileReference; fileEncoding = 4; lastKnownFileType = sourcecode.c.h; path = MASViewAttribute.h; sourceTree = "<group>"; };
		4734EF881D11218C0000EF12 /* MASViewAttribute.m */ = {isa = PBXFileReference; fileEncoding = 4; lastKnownFileType = sourcecode.c.objc; path = MASViewAttribute.m; sourceTree = "<group>"; };
		4734EF891D11218C0000EF12 /* MASViewConstraint.h */ = {isa = PBXFileReference; fileEncoding = 4; lastKnownFileType = sourcecode.c.h; path = MASViewConstraint.h; sourceTree = "<group>"; };
		4734EF8A1D11218C0000EF12 /* MASViewConstraint.m */ = {isa = PBXFileReference; fileEncoding = 4; lastKnownFileType = sourcecode.c.objc; path = MASViewConstraint.m; sourceTree = "<group>"; };
		4734EF8B1D11218C0000EF12 /* NSArray+MASAdditions.h */ = {isa = PBXFileReference; fileEncoding = 4; lastKnownFileType = sourcecode.c.h; path = "NSArray+MASAdditions.h"; sourceTree = "<group>"; };
		4734EF8C1D11218C0000EF12 /* NSArray+MASAdditions.m */ = {isa = PBXFileReference; fileEncoding = 4; lastKnownFileType = sourcecode.c.objc; path = "NSArray+MASAdditions.m"; sourceTree = "<group>"; };
		4734EF8D1D11218C0000EF12 /* NSArray+MASShorthandAdditions.h */ = {isa = PBXFileReference; fileEncoding = 4; lastKnownFileType = sourcecode.c.h; path = "NSArray+MASShorthandAdditions.h"; sourceTree = "<group>"; };
		4734EF8E1D11218C0000EF12 /* NSLayoutConstraint+MASDebugAdditions.h */ = {isa = PBXFileReference; fileEncoding = 4; lastKnownFileType = sourcecode.c.h; path = "NSLayoutConstraint+MASDebugAdditions.h"; sourceTree = "<group>"; };
		4734EF8F1D11218C0000EF12 /* NSLayoutConstraint+MASDebugAdditions.m */ = {isa = PBXFileReference; fileEncoding = 4; lastKnownFileType = sourcecode.c.objc; path = "NSLayoutConstraint+MASDebugAdditions.m"; sourceTree = "<group>"; };
		4734EF901D11218C0000EF12 /* View+MASAdditions.h */ = {isa = PBXFileReference; fileEncoding = 4; lastKnownFileType = sourcecode.c.h; path = "View+MASAdditions.h"; sourceTree = "<group>"; };
		4734EF911D11218C0000EF12 /* View+MASAdditions.m */ = {isa = PBXFileReference; fileEncoding = 4; lastKnownFileType = sourcecode.c.objc; path = "View+MASAdditions.m"; sourceTree = "<group>"; };
		4734EF921D11218C0000EF12 /* View+MASShorthandAdditions.h */ = {isa = PBXFileReference; fileEncoding = 4; lastKnownFileType = sourcecode.c.h; path = "View+MASShorthandAdditions.h"; sourceTree = "<group>"; };
		4734EF931D11218C0000EF12 /* ViewController+MASAdditions.h */ = {isa = PBXFileReference; fileEncoding = 4; lastKnownFileType = sourcecode.c.h; path = "ViewController+MASAdditions.h"; sourceTree = "<group>"; };
		4734EF941D11218C0000EF12 /* ViewController+MASAdditions.m */ = {isa = PBXFileReference; fileEncoding = 4; lastKnownFileType = sourcecode.c.objc; path = "ViewController+MASAdditions.m"; sourceTree = "<group>"; };
/* End PBXFileReference section */

/* Begin PBXFrameworksBuildPhase section */
		4734EF3F1D10F2360000EF12 /* Frameworks */ = {
			isa = PBXFrameworksBuildPhase;
			buildActionMask = 2147483647;
			files = (
			);
			runOnlyForDeploymentPostprocessing = 0;
		};
		4734EF581D10F2360000EF12 /* Frameworks */ = {
			isa = PBXFrameworksBuildPhase;
			buildActionMask = 2147483647;
			files = (
			);
			runOnlyForDeploymentPostprocessing = 0;
		};
		4734EF631D10F2360000EF12 /* Frameworks */ = {
			isa = PBXFrameworksBuildPhase;
			buildActionMask = 2147483647;
			files = (
			);
			runOnlyForDeploymentPostprocessing = 0;
		};
/* End PBXFrameworksBuildPhase section */

/* Begin PBXGroup section */
		4734EF391D10F2350000EF12 = {
			isa = PBXGroup;
			children = (
				4734EF441D10F2360000EF12 /* DrawViewDemo */,
				4734EF5E1D10F2360000EF12 /* DrawViewDemoTests */,
				4734EF691D10F2360000EF12 /* DrawViewDemoUITests */,
				4734EF431D10F2360000EF12 /* Products */,
			);
			sourceTree = "<group>";
		};
		4734EF431D10F2360000EF12 /* Products */ = {
			isa = PBXGroup;
			children = (
				4734EF421D10F2360000EF12 /* DrawViewDemo.app */,
				4734EF5B1D10F2360000EF12 /* DrawViewDemoTests.xctest */,
				4734EF661D10F2360000EF12 /* DrawViewDemoUITests.xctest */,
			);
			name = Products;
			sourceTree = "<group>";
		};
		4734EF441D10F2360000EF12 /* DrawViewDemo */ = {
			isa = PBXGroup;
			children = (
				4734EF7B1D11218C0000EF12 /* Masonry */,
				4734EF481D10F2360000EF12 /* AppDelegate.h */,
				4734EF491D10F2360000EF12 /* AppDelegate.m */,
				4734EF781D10F24E0000EF12 /* LSGiftDisplayBlurView.h */,
				4734EF791D10F24E0000EF12 /* LSGiftDisplayBlurView.mm */,
				4734EF4B1D10F2360000EF12 /* ViewController.h */,
				4734EF4C1D10F2360000EF12 /* ViewController.m */,
				4734EF4E1D10F2360000EF12 /* Main.storyboard */,
				4734EF511D10F2360000EF12 /* Assets.xcassets */,
				4734EF531D10F2360000EF12 /* LaunchScreen.storyboard */,
				4734EF561D10F2360000EF12 /* Info.plist */,
				4734EF451D10F2360000EF12 /* Supporting Files */,
			);
			path = DrawViewDemo;
			sourceTree = "<group>";
		};
		4734EF451D10F2360000EF12 /* Supporting Files */ = {
			isa = PBXGroup;
			children = (
				4734EF461D10F2360000EF12 /* main.m */,
			);
			name = "Supporting Files";
			sourceTree = "<group>";
		};
		4734EF5E1D10F2360000EF12 /* DrawViewDemoTests */ = {
			isa = PBXGroup;
			children = (
				4734EF5F1D10F2360000EF12 /* DrawViewDemoTests.m */,
				4734EF611D10F2360000EF12 /* Info.plist */,
			);
			path = DrawViewDemoTests;
			sourceTree = "<group>";
		};
		4734EF691D10F2360000EF12 /* DrawViewDemoUITests */ = {
			isa = PBXGroup;
			children = (
				4734EF6A1D10F2360000EF12 /* DrawViewDemoUITests.m */,
				4734EF6C1D10F2360000EF12 /* Info.plist */,
			);
			path = DrawViewDemoUITests;
			sourceTree = "<group>";
		};
		4734EF7B1D11218C0000EF12 /* Masonry */ = {
			isa = PBXGroup;
			children = (
				4734EF7C1D11218C0000EF12 /* MASCompositeConstraint.h */,
				4734EF7D1D11218C0000EF12 /* MASCompositeConstraint.m */,
				4734EF7E1D11218C0000EF12 /* MASConstraint+Private.h */,
				4734EF7F1D11218C0000EF12 /* MASConstraint.h */,
				4734EF801D11218C0000EF12 /* MASConstraint.m */,
				4734EF811D11218C0000EF12 /* MASConstraintMaker.h */,
				4734EF821D11218C0000EF12 /* MASConstraintMaker.m */,
				4734EF831D11218C0000EF12 /* MASLayoutConstraint.h */,
				4734EF841D11218C0000EF12 /* MASLayoutConstraint.m */,
				4734EF851D11218C0000EF12 /* Masonry.h */,
				4734EF861D11218C0000EF12 /* MASUtilities.h */,
				4734EF871D11218C0000EF12 /* MASViewAttribute.h */,
				4734EF881D11218C0000EF12 /* MASViewAttribute.m */,
				4734EF891D11218C0000EF12 /* MASViewConstraint.h */,
				4734EF8A1D11218C0000EF12 /* MASViewConstraint.m */,
				4734EF8B1D11218C0000EF12 /* NSArray+MASAdditions.h */,
				4734EF8C1D11218C0000EF12 /* NSArray+MASAdditions.m */,
				4734EF8D1D11218C0000EF12 /* NSArray+MASShorthandAdditions.h */,
				4734EF8E1D11218C0000EF12 /* NSLayoutConstraint+MASDebugAdditions.h */,
				4734EF8F1D11218C0000EF12 /* NSLayoutConstraint+MASDebugAdditions.m */,
				4734EF901D11218C0000EF12 /* View+MASAdditions.h */,
				4734EF911D11218C0000EF12 /* View+MASAdditions.m */,
				4734EF921D11218C0000EF12 /* View+MASShorthandAdditions.h */,
				4734EF931D11218C0000EF12 /* ViewController+MASAdditions.h */,
				4734EF941D11218C0000EF12 /* ViewController+MASAdditions.m */,
			);
			path = Masonry;
			sourceTree = "<group>";
		};
/* End PBXGroup section */

/* Begin PBXNativeTarget section */
		4734EF411D10F2360000EF12 /* DrawViewDemo */ = {
			isa = PBXNativeTarget;
			buildConfigurationList = 4734EF6F1D10F2360000EF12 /* Build configuration list for PBXNativeTarget "DrawViewDemo" */;
			buildPhases = (
				4734EF3E1D10F2360000EF12 /* Sources */,
				4734EF3F1D10F2360000EF12 /* Frameworks */,
				4734EF401D10F2360000EF12 /* Resources */,
			);
			buildRules = (
			);
			dependencies = (
			);
			name = DrawViewDemo;
			productName = DrawViewDemo;
			productReference = 4734EF421D10F2360000EF12 /* DrawViewDemo.app */;
			productType = "com.apple.product-type.application";
		};
		4734EF5A1D10F2360000EF12 /* DrawViewDemoTests */ = {
			isa = PBXNativeTarget;
			buildConfigurationList = 4734EF721D10F2360000EF12 /* Build configuration list for PBXNativeTarget "DrawViewDemoTests" */;
			buildPhases = (
				4734EF571D10F2360000EF12 /* Sources */,
				4734EF581D10F2360000EF12 /* Frameworks */,
				4734EF591D10F2360000EF12 /* Resources */,
			);
			buildRules = (
			);
			dependencies = (
				4734EF5D1D10F2360000EF12 /* PBXTargetDependency */,
			);
			name = DrawViewDemoTests;
			productName = DrawViewDemoTests;
			productReference = 4734EF5B1D10F2360000EF12 /* DrawViewDemoTests.xctest */;
			productType = "com.apple.product-type.bundle.unit-test";
		};
		4734EF651D10F2360000EF12 /* DrawViewDemoUITests */ = {
			isa = PBXNativeTarget;
			buildConfigurationList = 4734EF751D10F2360000EF12 /* Build configuration list for PBXNativeTarget "DrawViewDemoUITests" */;
			buildPhases = (
				4734EF621D10F2360000EF12 /* Sources */,
				4734EF631D10F2360000EF12 /* Frameworks */,
				4734EF641D10F2360000EF12 /* Resources */,
			);
			buildRules = (
			);
			dependencies = (
				4734EF681D10F2360000EF12 /* PBXTargetDependency */,
			);
			name = DrawViewDemoUITests;
			productName = DrawViewDemoUITests;
			productReference = 4734EF661D10F2360000EF12 /* DrawViewDemoUITests.xctest */;
			productType = "com.apple.product-type.bundle.ui-testing";
		};
/* End PBXNativeTarget section */

/* Begin PBXProject section */
		4734EF3A1D10F2350000EF12 /* Project object */ = {
			isa = PBXProject;
			attributes = {
				LastUpgradeCheck = 0730;
				ORGANIZATIONNAME = Cobb;
				TargetAttributes = {
					4734EF411D10F2360000EF12 = {
						CreatedOnToolsVersion = 7.3.1;
						DevelopmentTeam = 6QV7266CQK;
					};
					4734EF5A1D10F2360000EF12 = {
						CreatedOnToolsVersion = 7.3.1;
						TestTargetID = 4734EF411D10F2360000EF12;
					};
					4734EF651D10F2360000EF12 = {
						CreatedOnToolsVersion = 7.3.1;
						TestTargetID = 4734EF411D10F2360000EF12;
					};
				};
			};
			buildConfigurationList = 4734EF3D1D10F2350000EF12 /* Build configuration list for PBXProject "DrawViewDemo" */;
			compatibilityVersion = "Xcode 3.2";
			developmentRegion = English;
			hasScannedForEncodings = 0;
			knownRegions = (
				en,
				Base,
			);
			mainGroup = 4734EF391D10F2350000EF12;
			productRefGroup = 4734EF431D10F2360000EF12 /* Products */;
			projectDirPath = "";
			projectRoot = "";
			targets = (
				4734EF411D10F2360000EF12 /* DrawViewDemo */,
				4734EF5A1D10F2360000EF12 /* DrawViewDemoTests */,
				4734EF651D10F2360000EF12 /* DrawViewDemoUITests */,
			);
		};
/* End PBXProject section */

/* Begin PBXResourcesBuildPhase section */
		4734EF401D10F2360000EF12 /* Resources */ = {
			isa = PBXResourcesBuildPhase;
			buildActionMask = 2147483647;
			files = (
				4734EF551D10F2360000EF12 /* LaunchScreen.storyboard in Resources */,
				4734EF521D10F2360000EF12 /* Assets.xcassets in Resources */,
				4734EF501D10F2360000EF12 /* Main.storyboard in Resources */,
			);
			runOnlyForDeploymentPostprocessing = 0;
		};
		4734EF591D10F2360000EF12 /* Resources */ = {
			isa = PBXResourcesBuildPhase;
			buildActionMask = 2147483647;
			files = (
			);
			runOnlyForDeploymentPostprocessing = 0;
		};
		4734EF641D10F2360000EF12 /* Resources */ = {
			isa = PBXResourcesBuildPhase;
			buildActionMask = 2147483647;
			files = (
			);
			runOnlyForDeploymentPostprocessing = 0;
		};
/* End PBXResourcesBuildPhase section */

/* Begin PBXSourcesBuildPhase section */
		4734EF3E1D10F2360000EF12 /* Sources */ = {
			isa = PBXSourcesBuildPhase;
			buildActionMask = 2147483647;
			files = (
				4734EF971D11218C0000EF12 /* MASConstraintMaker.m in Sources */,
				4734EF4D1D10F2360000EF12 /* ViewController.m in Sources */,
				4734EF7A1D10F24E0000EF12 /* LSGiftDisplayBlurView.mm in Sources */,
				4734EF961D11218C0000EF12 /* MASConstraint.m in Sources */,
				4734EF9E1D11218C0000EF12 /* ViewController+MASAdditions.m in Sources */,
				4734EF981D11218C0000EF12 /* MASLayoutConstraint.m in Sources */,
				4734EF9B1D11218C0000EF12 /* NSArray+MASAdditions.m in Sources */,
				4734EF9A1D11218C0000EF12 /* MASViewConstraint.m in Sources */,
				4734EF991D11218C0000EF12 /* MASViewAttribute.m in Sources */,
				4734EF9D1D11218C0000EF12 /* View+MASAdditions.m in Sources */,
				4734EF4A1D10F2360000EF12 /* AppDelegate.m in Sources */,
				4734EF471D10F2360000EF12 /* main.m in Sources */,
				4734EF951D11218C0000EF12 /* MASCompositeConstraint.m in Sources */,
				4734EF9C1D11218C0000EF12 /* NSLayoutConstraint+MASDebugAdditions.m in Sources */,
			);
			runOnlyForDeploymentPostprocessing = 0;
		};
		4734EF571D10F2360000EF12 /* Sources */ = {
			isa = PBXSourcesBuildPhase;
			buildActionMask = 2147483647;
			files = (
				4734EF601D10F2360000EF12 /* DrawViewDemoTests.m in Sources */,
			);
			runOnlyForDeploymentPostprocessing = 0;
		};
		4734EF621D10F2360000EF12 /* Sources */ = {
			isa = PBXSourcesBuildPhase;
			buildActionMask = 2147483647;
			files = (
				4734EF6B1D10F2360000EF12 /* DrawViewDemoUITests.m in Sources */,
			);
			runOnlyForDeploymentPostprocessing = 0;
		};
/* End PBXSourcesBuildPhase section */

/* Begin PBXTargetDependency section */
		4734EF5D1D10F2360000EF12 /* PBXTargetDependency */ = {
			isa = PBXTargetDependency;
			target = 4734EF411D10F2360000EF12 /* DrawViewDemo */;
			targetProxy = 4734EF5C1D10F2360000EF12 /* PBXContainerItemProxy */;
		};
		4734EF681D10F2360000EF12 /* PBXTargetDependency */ = {
			isa = PBXTargetDependency;
			target = 4734EF411D10F2360000EF12 /* DrawViewDemo */;
			targetProxy = 4734EF671D10F2360000EF12 /* PBXContainerItemProxy */;
		};
/* End PBXTargetDependency section */

/* Begin PBXVariantGroup section */
		4734EF4E1D10F2360000EF12 /* Main.storyboard */ = {
			isa = PBXVariantGroup;
			children = (
				4734EF4F1D10F2360000EF12 /* Base */,
			);
			name = Main.storyboard;
			sourceTree = "<group>";
		};
		4734EF531D10F2360000EF12 /* LaunchScreen.storyboard */ = {
			isa = PBXVariantGroup;
			children = (
				4734EF541D10F2360000EF12 /* Base */,
			);
			name = LaunchScreen.storyboard;
			sourceTree = "<group>";
		};
/* End PBXVariantGroup section */

/* Begin XCBuildConfiguration section */
		4734EF6D1D10F2360000EF12 /* Debug */ = {
			isa = XCBuildConfiguration;
			buildSettings = {
				ALWAYS_SEARCH_USER_PATHS = NO;
				CLANG_ANALYZER_NONNULL = YES;
				CLANG_CXX_LANGUAGE_STANDARD = "gnu++0x";
				CLANG_CXX_LIBRARY = "libc++";
				CLANG_ENABLE_MODULES = YES;
				CLANG_ENABLE_OBJC_ARC = YES;
				CLANG_WARN_BOOL_CONVERSION = YES;
				CLANG_WARN_CONSTANT_CONVERSION = YES;
				CLANG_WARN_DIRECT_OBJC_ISA_USAGE = YES_ERROR;
				CLANG_WARN_EMPTY_BODY = YES;
				CLANG_WARN_ENUM_CONVERSION = YES;
				CLANG_WARN_INT_CONVERSION = YES;
				CLANG_WARN_OBJC_ROOT_CLASS = YES_ERROR;
				CLANG_WARN_UNREACHABLE_CODE = YES;
				CLANG_WARN__DUPLICATE_METHOD_MATCH = YES;
				"CODE_SIGN_IDENTITY[sdk=iphoneos*]" = "iPhone Developer";
				COPY_PHASE_STRIP = NO;
				DEBUG_INFORMATION_FORMAT = dwarf;
				ENABLE_STRICT_OBJC_MSGSEND = YES;
				ENABLE_TESTABILITY = YES;
				GCC_C_LANGUAGE_STANDARD = gnu99;
				GCC_DYNAMIC_NO_PIC = NO;
				GCC_NO_COMMON_BLOCKS = YES;
				GCC_OPTIMIZATION_LEVEL = 0;
				GCC_PREPROCESSOR_DEFINITIONS = (
					"DEBUG=1",
					"$(inherited)",
				);
				GCC_WARN_64_TO_32_BIT_CONVERSION = YES;
				GCC_WARN_ABOUT_RETURN_TYPE = YES_ERROR;
				GCC_WARN_UNDECLARED_SELECTOR = YES;
				GCC_WARN_UNINITIALIZED_AUTOS = YES_AGGRESSIVE;
				GCC_WARN_UNUSED_FUNCTION = YES;
				GCC_WARN_UNUSED_VARIABLE = YES;
				IPHONEOS_DEPLOYMENT_TARGET = 9.3;
				MTL_ENABLE_DEBUG_INFO = YES;
				ONLY_ACTIVE_ARCH = YES;
				SDKROOT = iphoneos;
				TARGETED_DEVICE_FAMILY = "1,2";
			};
			name = Debug;
		};
		4734EF6E1D10F2360000EF12 /* Release */ = {
			isa = XCBuildConfiguration;
			buildSettings = {
				ALWAYS_SEARCH_USER_PATHS = NO;
				CLANG_ANALYZER_NONNULL = YES;
				CLANG_CXX_LANGUAGE_STANDARD = "gnu++0x";
				CLANG_CXX_LIBRARY = "libc++";
				CLANG_ENABLE_MODULES = YES;
				CLANG_ENABLE_OBJC_ARC = YES;
				CLANG_WARN_BOOL_CONVERSION = YES;
				CLANG_WARN_CONSTANT_CONVERSION = YES;
				CLANG_WARN_DIRECT_OBJC_ISA_USAGE = YES_ERROR;
				CLANG_WARN_EMPTY_BODY = YES;
				CLANG_WARN_ENUM_CONVERSION = YES;
				CLANG_WARN_INT_CONVERSION = YES;
				CLANG_WARN_OBJC_ROOT_CLASS = YES_ERROR;
				CLANG_WARN_UNREACHABLE_CODE = YES;
				CLANG_WARN__DUPLICATE_METHOD_MATCH = YES;
				"CODE_SIGN_IDENTITY[sdk=iphoneos*]" = "iPhone Developer";
				COPY_PHASE_STRIP = NO;
				DEBUG_INFORMATION_FORMAT = "dwarf-with-dsym";
				ENABLE_NS_ASSERTIONS = NO;
				ENABLE_STRICT_OBJC_MSGSEND = YES;
				GCC_C_LANGUAGE_STANDARD = gnu99;
				GCC_NO_COMMON_BLOCKS = YES;
				GCC_WARN_64_TO_32_BIT_CONVERSION = YES;
				GCC_WARN_ABOUT_RETURN_TYPE = YES_ERROR;
				GCC_WARN_UNDECLARED_SELECTOR = YES;
				GCC_WARN_UNINITIALIZED_AUTOS = YES_AGGRESSIVE;
				GCC_WARN_UNUSED_FUNCTION = YES;
				GCC_WARN_UNUSED_VARIABLE = YES;
				IPHONEOS_DEPLOYMENT_TARGET = 9.3;
				MTL_ENABLE_DEBUG_INFO = NO;
				SDKROOT = iphoneos;
				TARGETED_DEVICE_FAMILY = "1,2";
				VALIDATE_PRODUCT = YES;
			};
			name = Release;
		};
		4734EF701D10F2360000EF12 /* Debug */ = {
			isa = XCBuildConfiguration;
			buildSettings = {
				ASSETCATALOG_COMPILER_APPICON_NAME = AppIcon;
				CODE_SIGN_IDENTITY = "iPhone Developer";
				"CODE_SIGN_IDENTITY[sdk=iphoneos*]" = "iPhone Developer";
				INFOPLIST_FILE = DrawViewDemo/Info.plist;
				LD_RUNPATH_SEARCH_PATHS = "$(inherited) @executable_path/Frameworks";
				PRODUCT_BUNDLE_IDENTIFIER = com.Randar.DrawViewDemo;
				PRODUCT_NAME = "$(TARGET_NAME)";
				PROVISIONING_PROFILE = "";
			};
			name = Debug;
		};
		4734EF711D10F2360000EF12 /* Release */ = {
			isa = XCBuildConfiguration;
			buildSettings = {
				ASSETCATALOG_COMPILER_APPICON_NAME = AppIcon;
				CODE_SIGN_IDENTITY = "iPhone Developer";
				"CODE_SIGN_IDENTITY[sdk=iphoneos*]" = "iPhone Developer";
				INFOPLIST_FILE = DrawViewDemo/Info.plist;
				LD_RUNPATH_SEARCH_PATHS = "$(inherited) @executable_path/Frameworks";
				PRODUCT_BUNDLE_IDENTIFIER = com.Randar.DrawViewDemo;
				PRODUCT_NAME = "$(TARGET_NAME)";
				PROVISIONING_PROFILE = "";
			};
			name = Release;
		};
		4734EF731D10F2360000EF12 /* Debug */ = {
			isa = XCBuildConfiguration;
			buildSettings = {
				BUNDLE_LOADER = "$(TEST_HOST)";
				INFOPLIST_FILE = DrawViewDemoTests/Info.plist;
				LD_RUNPATH_SEARCH_PATHS = "$(inherited) @executable_path/Frameworks @loader_path/Frameworks";
				PRODUCT_BUNDLE_IDENTIFIER = com.Randar.DrawViewDemoTests;
				PRODUCT_NAME = "$(TARGET_NAME)";
				TEST_HOST = "$(BUILT_PRODUCTS_DIR)/DrawViewDemo.app/DrawViewDemo";
			};
			name = Debug;
		};
		4734EF741D10F2360000EF12 /* Release */ = {
			isa = XCBuildConfiguration;
			buildSettings = {
				BUNDLE_LOADER = "$(TEST_HOST)";
				INFOPLIST_FILE = DrawViewDemoTests/Info.plist;
				LD_RUNPATH_SEARCH_PATHS = "$(inherited) @executable_path/Frameworks @loader_path/Frameworks";
				PRODUCT_BUNDLE_IDENTIFIER = com.Randar.DrawViewDemoTests;
				PRODUCT_NAME = "$(TARGET_NAME)";
				TEST_HOST = "$(BUILT_PRODUCTS_DIR)/DrawViewDemo.app/DrawViewDemo";
			};
			name = Release;
		};
		4734EF761D10F2360000EF12 /* Debug */ = {
			isa = XCBuildConfiguration;
			buildSettings = {
				INFOPLIST_FILE = DrawViewDemoUITests/Info.plist;
				LD_RUNPATH_SEARCH_PATHS = "$(inherited) @executable_path/Frameworks @loader_path/Frameworks";
				PRODUCT_BUNDLE_IDENTIFIER = com.Randar.DrawViewDemoUITests;
				PRODUCT_NAME = "$(TARGET_NAME)";
				TEST_TARGET_NAME = DrawViewDemo;
			};
			name = Debug;
		};
		4734EF771D10F2360000EF12 /* Release */ = {
			isa = XCBuildConfiguration;
			buildSettings = {
				INFOPLIST_FILE = DrawViewDemoUITests/Info.plist;
				LD_RUNPATH_SEARCH_PATHS = "$(inherited) @executable_path/Frameworks @loader_path/Frameworks";
				PRODUCT_BUNDLE_IDENTIFIER = com.Randar.DrawViewDemoUITests;
				PRODUCT_NAME = "$(TARGET_NAME)";
				TEST_TARGET_NAME = DrawViewDemo;
			};
			name = Release;
		};
/* End XCBuildConfiguration section */

/* Begin XCConfigurationList section */
		4734EF3D1D10F2350000EF12 /* Build configuration list for PBXProject "DrawViewDemo" */ = {
			isa = XCConfigurationList;
			buildConfigurations = (
				4734EF6D1D10F2360000EF12 /* Debug */,
				4734EF6E1D10F2360000EF12 /* Release */,
			);
			defaultConfigurationIsVisible = 0;
			defaultConfigurationName = Release;
		};
		4734EF6F1D10F2360000EF12 /* Build configuration list for PBXNativeTarget "DrawViewDemo" */ = {
			isa = XCConfigurationList;
			buildConfigurations = (
				4734EF701D10F2360000EF12 /* Debug */,
				4734EF711D10F2360000EF12 /* Release */,
			);
			defaultConfigurationIsVisible = 0;
			defaultConfigurationName = Release;
		};
		4734EF721D10F2360000EF12 /* Build configuration list for PBXNativeTarget "DrawViewDemoTests" */ = {
			isa = XCConfigurationList;
			buildConfigurations = (
				4734EF731D10F2360000EF12 /* Debug */,
				4734EF741D10F2360000EF12 /* Release */,
			);
			defaultConfigurationIsVisible = 0;
			defaultConfigurationName = Release;
		};
		4734EF751D10F2360000EF12 /* Build configuration list for PBXNativeTarget "DrawViewDemoUITests" */ = {
			isa = XCConfigurationList;
			buildConfigurations = (
				4734EF761D10F2360000EF12 /* Debug */,
				4734EF771D10F2360000EF12 /* Release */,
			);
			defaultConfigurationIsVisible = 0;
			defaultConfigurationName = Release;
		};
/* End XCConfigurationList section */
	};
	rootObject = 4734EF3A1D10F2350000EF12 /* Project object */;
}
